<?xml version="1.0" encoding="utf-8"?>
<Project ToolsVersion="4.0" xmlns="http://schemas.microsoft.com/developer/msbuild/2003">
  <ItemGroup>
    <ClCompile Include="7. 병합 정렬%28Merge Sort%29.cpp" />
    <ClCompile Include="8. C++ STL sort%28%29 함수 다루기 1.cpp" />
    <ClCompile Include="9. C++ STL sort%28%29 함수 다루기 2.cpp" />
    <ClCompile Include="10. C++ STL sort%28%29 함수 다루기.cpp" />
    <ClCompile Include="11. 힙 정렬%28Heap Sort%29.cpp" />
    <ClCompile Include="12. 계수 정렬%28Counting Sort%29.cpp" />
    <ClCompile Include="13. 심화 정렬 알고리즘 문제 풀이.cpp" />
    <ClCompile Include="14. 스택%28Stack%29.cpp" />
    <ClCompile Include="15..큐%28Queue%29.cpp" />
    <ClCompile Include="16. 너비 우선 탐색%28Breath First Search%29.cpp" />
    <ClCompile Include="17. 깊이 우선 탐색%28Depth First Search%29.cpp" />
    <ClCompile Include="18. 합집합 찾기%28Union-Find%29.cpp" />
    <ClCompile Include="19. 크루스칼 알고리즘%28Kruskal Algorithm%29.cpp" />
    <ClCompile Include="20. 이진 트리의 구현과 순회 알고리즘.cpp" />
    <ClCompile Include="21. 다이나믹 프로그래밍%28Dynamic Programming%29.cpp" />
    <ClCompile Include="22. 다이나믹 프로그래밍 타일링 문제 풀어보기 1.cpp" />
    <ClCompile Include="23. 다이나믹 프로그래밍 타일링 문제 풀어보기 2.cpp" />
    <ClCompile Include="24. 에라토스테네스의 체.cpp" />
    <ClCompile Include="25. 다익스트라 알고리즘%28Dijkstra Algorithm%29.cpp" />
    <ClCompile Include="26. 플로이드 와샬 알고리즘%28Floyd Warshall Algorithm%29.cpp" />
    <ClCompile Include="27. 위상 정렬%28Topology Sort%29.cpp" />
    <ClCompile Include="28. 강한 결합 요소%28Strongly Connected Component%29.cpp" />
    <ClCompile Include="29. 네트워크 플로우%28Network Flow%29.cpp" />
    <ClCompile Include="30. 위상 정렬 기초 문제풀이 1.cpp" />
    <ClCompile Include="31. 위상 정렬 기초 문제풀이 2.cpp" />
    <ClCompile Include="32. 이분 매칭%28Bipartite Matching%29.cpp" />
    <ClCompile Include="33. 단순 문자열 매칭 알고리즘.cpp" />
    <ClCompile Include="34. KMP 문자열 매칭 알고리즘.cpp" />
    <ClCompile Include="35. 라빈 카프%28Rabin-Karp%29 문자열 매칭 알고리즘.cpp" />
    <ClCompile Include="36. 이분 매칭 기초 문제풀이.cpp" />
    <ClCompile Include="37. 강한 결합 요소 기초 문제풀이.cpp" />
    <ClCompile Include="38. 그리디%28Greedy%29 알고리즘.cpp" />
    <ClCompile Include="1. 선택 정렬%28Selection Sort%29.cpp" />
    <ClCompile Include="2. 버블 정렬%28Bubble Sort%29.cpp" />
    <ClCompile Include="3. 삽입 정렬%28Insertion Sort%29.cpp" />
    <ClCompile Include="4. 퀵 정렬%28Quick Sort%29의 시간 복잡도와 작동 원리.cpp" />
    <ClCompile Include="CCTV.cpp" />
  </ItemGroup>
  <ItemGroup>
    <ClInclude Include="pch.h" />
  </ItemGroup>
</Project>